github.com/EdTheLoon/GoTube v0.0.0-20240622002831-c799086c81f6 h1:Y/fmtACRKo+XiP9u4StSiYBklAAdUBLjcNXnvVYwnS4=
github.com/EdTheLoon/GoTube v0.0.0-20240622002831-c799086c81f6/go.mod h1:ZQ9NZ0AIOO+wfI+ckUzso5PKmxyjysPF6cfSjReuDXg=
github.com/gorilla/mux v1.8.1 h1:TuBL49tXwgrFYWhqrNgrUNEY92u81SPhu7sTdzQEiWY=
github.com/gorilla/mux v1.8.1/go.mod h1:AKf9I4AEqPTmMytcMc0KkNouC66V3BtZ4qD5fmWSiMQ=
